
Microsoft Visual Studio Solution File, Format Version 12.00
# Visual Studio Version 17
VisualStudioVersion = 17.9.34701.34
MinimumVisualStudioVersion = 10.0.40219.1
Project("{FAE04EC0-301F-11D3-BF4B-00C04F79EFBC}") = "PlayerSniperPlaylistCreator", "PlayerSniperPlaylistCreator\PlayerSniperPlaylistCreator.csproj", "{A5310C0E-BCB6-42AF-AA28-3A16A42C64A1}"
EndProject
Project("{FAE04EC0-301F-11D3-BF4B-00C04F79EFBC}") = "Test", "Test\Test.csproj", "{CD408B76-55B0-4A05-A4FE-7A3AECB95BE8}"
EndProject
Global
	GlobalSection(SolutionConfigurationPlatforms) = preSolution
		Debug|Any CPU = Debug|Any CPU
		Release|Any CPU = Release|Any CPU
	EndGlobalSection
	GlobalSection(ProjectConfigurationPlatforms) = postSolution
		{A5310C0E-BCB6-42AF-AA28-3A16A42C64A1}.Debug|Any CPU.ActiveCfg = Debug|Any CPU
		{A5310C0E-BCB6-42AF-AA28-3A16A42C64A1}.Debug|Any CPU.Build.0 = Debug|Any CPU
		{A5310C0E-BCB6-42AF-AA28-3A16A42C64A1}.Release|Any CPU.ActiveCfg = Release|Any CPU
		{A5310C0E-BCB6-42AF-AA28-3A16A42C64A1}.Release|Any CPU.Build.0 = Release|Any CPU
		{CD408B76-55B0-4A05-A4FE-7A3AECB95BE8}.Debug|Any CPU.ActiveCfg = Debug|Any CPU
		{CD408B76-55B0-4A05-A4FE-7A3AECB95BE8}.Debug|Any CPU.Build.0 = Debug|Any CPU
		{CD408B76-55B0-4A05-A4FE-7A3AECB95BE8}.Release|Any CPU.ActiveCfg = Release|Any CPU
		{CD408B76-55B0-4A05-A4FE-7A3AECB95BE8}.Release|Any CPU.Build.0 = Release|Any CPU
	EndGlobalSection
	GlobalSection(SolutionProperties) = preSolution
		HideSolutionNode = FALSE
	EndGlobalSection
	GlobalSection(ExtensibilityGlobals) = postSolution
		SolutionGuid = {633A29F4-CA6A-4D3D-8294-544A6E7C582F}
	EndGlobalSection
EndGlobal
